{
  "name": "npm-test-local-path",
  "version": "1.0.0",
  "lockfileVersion": 3,
  "requires": true,
  "packages": {
    "": {
      "name": "npm-test-local-path",
      "version": "1.0.0",
      "license": "ISC",
      "dependencies": {
        "fecha": "file:../dep/fecha-4.2.3.tgz"
      }
    },
    "node_modules/fecha": {
      "version": "4.2.3",
      "resolved": "file:../dep/fecha-4.2.3.tgz",
      "integrity": "sha512-OP2IUU6HeYKJi3i0z4A19kHMQoLVs4Hc+DPqqxI2h/DPZHTm/vjsfC6P0b4jCMy14XizLBqvndQ+UilD7707Jw==",
      "license": "MIT"
    }
  }
}
